{
  "projects": [
    {
      "projectId": "seaQhLVS4bbjiGvJJrRwyL",
      "version": "15.0.3",
      "dependencies": {},
      "lang": "ts",
      "fileLocks": [
        {
          "assetId": "seaQhLVS4bbjiGvJJrRwyL",
          "type": "projectCss",
          "checksum": "8b140f54acb9f4aedf0b769d566851ea"
        }
      ],
      "codegenVersion": "0.0.1"
    },
    {
      "projectId": "bGRPhgjN4EpLyGua5e921e",
      "version": "latest",
      "dependencies": {
        "seaQhLVS4bbjiGvJJrRwyL": "15.0.3",
        "7nJ7UcFmq9UzB6eXfC5z4a": "0.26.0"
      },
      "lang": "ts",
      "fileLocks": [
        {
          "type": "globalVariant",
          "assetId": "UNIj0aSl86d7",
          "checksum": "96372bb0cc5ed278daaa6c6b60b40144"
        },
        {
          "type": "renderModule",
          "assetId": "f07avpzBECLA",
          "checksum": "20d21378c4887a8e33caf5597b891455"
        },
        {
          "type": "cssRules",
          "assetId": "f07avpzBECLA",
          "checksum": "20d21378c4887a8e33caf5597b891455"
        },
        {
          "type": "renderModule",
          "assetId": "r-4qtY_x5_0e",
          "checksum": "177137844f17c08af0952d4939dbd7de"
        },
        {
          "type": "cssRules",
          "assetId": "r-4qtY_x5_0e",
          "checksum": "177137844f17c08af0952d4939dbd7de"
        },
        {
          "type": "renderModule",
          "assetId": "MsTwhh1TunkX",
          "checksum": "3261316155b10cfe0472d699ea9604fc"
        },
        {
          "type": "cssRules",
          "assetId": "MsTwhh1TunkX",
          "checksum": "3261316155b10cfe0472d699ea9604fc"
        },
        {
          "type": "renderModule",
          "assetId": "cBs3RBPSjzud",
          "checksum": "fcff40ddd6abeb2e83db415dc58ae5ff"
        },
        {
          "type": "cssRules",
          "assetId": "cBs3RBPSjzud",
          "checksum": "fcff40ddd6abeb2e83db415dc58ae5ff"
        },
        {
          "type": "renderModule",
          "assetId": "Ag0evssas2_B",
          "checksum": "e31f3b351aae93e616552a77d627945b"
        },
        {
          "type": "cssRules",
          "assetId": "Ag0evssas2_B",
          "checksum": "e31f3b351aae93e616552a77d627945b"
        },
        {
          "type": "renderModule",
          "assetId": "lIiSxyCuNKgc",
          "checksum": "21e44e839bc7cb152073ea95d750cbfa"
        },
        {
          "type": "cssRules",
          "assetId": "lIiSxyCuNKgc",
          "checksum": "21e44e839bc7cb152073ea95d750cbfa"
        },
        {
          "type": "renderModule",
          "assetId": "lY4gHLyPCvEC",
          "checksum": "18c46ff5269477cf3682a4efeb76aa85"
        },
        {
          "type": "cssRules",
          "assetId": "lY4gHLyPCvEC",
          "checksum": "18c46ff5269477cf3682a4efeb76aa85"
        },
        {
          "type": "renderModule",
          "assetId": "tEmkgz3Ttv_u",
          "checksum": "f5d8eec608d22b00096577ae0483bade"
        },
        {
          "type": "cssRules",
          "assetId": "tEmkgz3Ttv_u",
          "checksum": "f5d8eec608d22b00096577ae0483bade"
        },
        {
          "type": "renderModule",
          "assetId": "0DMXnYXl1cqn",
          "checksum": "a976a3a82bc7d5a9916b91d6298929bf"
        },
        {
          "type": "cssRules",
          "assetId": "0DMXnYXl1cqn",
          "checksum": "a976a3a82bc7d5a9916b91d6298929bf"
        },
        {
          "type": "renderModule",
          "assetId": "Q2DxhMd8kywL",
          "checksum": "9c99e60cccf1fbb3746f5db5be752ee8"
        },
        {
          "type": "cssRules",
          "assetId": "Q2DxhMd8kywL",
          "checksum": "9c99e60cccf1fbb3746f5db5be752ee8"
        },
        {
          "type": "renderModule",
          "assetId": "xJ57_yvHb6TL",
          "checksum": "65ed83a0bf93f4ddff5669aaafe440ab"
        },
        {
          "type": "cssRules",
          "assetId": "xJ57_yvHb6TL",
          "checksum": "65ed83a0bf93f4ddff5669aaafe440ab"
        },
        {
          "type": "renderModule",
          "assetId": "v9stMmpgZuxr",
          "checksum": "72f8ed2d138d466b6612abf881807cc8"
        },
        {
          "type": "cssRules",
          "assetId": "v9stMmpgZuxr",
          "checksum": "72f8ed2d138d466b6612abf881807cc8"
        },
        {
          "type": "renderModule",
          "assetId": "_r5wwuWadYy2",
          "checksum": "6b7b95fff1a6f0efef9f2634062d8bf4"
        },
        {
          "type": "cssRules",
          "assetId": "_r5wwuWadYy2",
          "checksum": "6b7b95fff1a6f0efef9f2634062d8bf4"
        },
        {
          "type": "renderModule",
          "assetId": "KOngUlgD51IE",
          "checksum": "9de350a882806fd441a6a61d12693855"
        },
        {
          "type": "cssRules",
          "assetId": "KOngUlgD51IE",
          "checksum": "9de350a882806fd441a6a61d12693855"
        },
        {
          "type": "renderModule",
          "assetId": "JTFRLPwFrqzM",
          "checksum": "86c27b0e24488c2f50fe2cb0e7930d6a"
        },
        {
          "type": "cssRules",
          "assetId": "JTFRLPwFrqzM",
          "checksum": "86c27b0e24488c2f50fe2cb0e7930d6a"
        },
        {
          "type": "renderModule",
          "assetId": "rZUw2Cha7jlC",
          "checksum": "5ba8830ae4b404e8f9f6073d031000bd"
        },
        {
          "type": "cssRules",
          "assetId": "rZUw2Cha7jlC",
          "checksum": "5ba8830ae4b404e8f9f6073d031000bd"
        },
        {
          "type": "renderModule",
          "assetId": "GJeQpPhcCQFh",
          "checksum": "9947021a82b20d20967a3585029e60dd"
        },
        {
          "type": "cssRules",
          "assetId": "GJeQpPhcCQFh",
          "checksum": "9947021a82b20d20967a3585029e60dd"
        },
        {
          "type": "icon",
          "assetId": "gUHfrsykgdes",
          "checksum": "ef087baef34ecb1d34c9a3338cb6fceb"
        },
        {
          "type": "icon",
          "assetId": "mmu-hZ1QoRo3",
          "checksum": "51764019424798b7284ef9fb54707f53"
        },
        {
          "type": "icon",
          "assetId": "TAF_ZA91NgrY",
          "checksum": "90498ef75c903cb6c72e22c69550d239"
        },
        {
          "type": "icon",
          "assetId": "TuSjt0AnWe4h",
          "checksum": "e5e7d94abf25ae1c84236c296281bbb0"
        },
        {
          "type": "icon",
          "assetId": "8hu6cTK37ICX",
          "checksum": "22ff741f0d1206f4f82755ec099ca7f0"
        },
        {
          "type": "icon",
          "assetId": "b5L5VPMAxego",
          "checksum": "2c1ecb22fc44019179aeb92cee01a2b3"
        },
        {
          "type": "icon",
          "assetId": "CDG0xUHitgzL",
          "checksum": "e35f64bc54654f2bb2a37f1d06f55ba2"
        },
        {
          "type": "icon",
          "assetId": "6_NnJ99EXQc0",
          "checksum": "c48a9a5265b8a688975ebdc5dea6abbf"
        },
        {
          "type": "icon",
          "assetId": "XKBkCZbI-9Me",
          "checksum": "2fefb64820e8cdc732af88ddf56864bf"
        },
        {
          "type": "icon",
          "assetId": "DrYATh05xaVd",
          "checksum": "90dd68dfbbebc388f581a4e235cdf955"
        },
        {
          "type": "icon",
          "assetId": "aVoXgiis8QhK",
          "checksum": "cdfe85fafcd84432d40fd16673bd3be1"
        },
        {
          "type": "icon",
          "assetId": "SvqB7zhvda88",
          "checksum": "162940eb7568842a60cc1ce21b7e2f14"
        },
        {
          "type": "icon",
          "assetId": "UimdXawoJIJ4",
          "checksum": "ad8be638f00850c3d5135b18e42a0884"
        },
        {
          "type": "icon",
          "assetId": "AaHxKNbfDlIo",
          "checksum": "dce4cc8362102e1dcad0ec84dc8d42e1"
        },
        {
          "type": "icon",
          "assetId": "865QUu-JgvgC",
          "checksum": "e7ee44b1be9d2894e23cb56439b4fd2f"
        },
        {
          "type": "icon",
          "assetId": "pj4QISzIqgxo",
          "checksum": "08c6b6bca5a4802eacfebe53ead2f1f8"
        },
        {
          "type": "icon",
          "assetId": "D87s72ahvWeJ",
          "checksum": "ed4819dbfc5ac8818ffd25d8e15bd4c7"
        },
        {
          "type": "icon",
          "assetId": "Tolqq_2lDNqd",
          "checksum": "9f808d794ae60bbd3e0e477794a92d43"
        },
        {
          "type": "icon",
          "assetId": "Yyvfj0rN9knh",
          "checksum": "dce3fcd19c90685f525ed678a7191c99"
        },
        {
          "type": "icon",
          "assetId": "A5Am1GDQ7XGE",
          "checksum": "68e0e0f4926a2ac4e374ae2e845d41dc"
        },
        {
          "type": "icon",
          "assetId": "lHWWJId1qagw",
          "checksum": "c0c0c7944a6db4159670d5211e322307"
        },
        {
          "type": "icon",
          "assetId": "vxPuaGJIadr3",
          "checksum": "17e23d1c7e0a3bec664eb0d6f6e88b1e"
        },
        {
          "type": "image",
          "assetId": "CG_9twvQwg1o",
          "checksum": "83f5feba46156f79a8946b5c3625b715"
        },
        {
          "type": "image",
          "assetId": "KhDTZMJmoa6p",
          "checksum": "664119203de92fb372ae24eba20517be"
        },
        {
          "type": "image",
          "assetId": "yvXrg44JjLqC",
          "checksum": "ed4443598fec75ecbcbd12c44975c5f0"
        },
        {
          "type": "image",
          "assetId": "Pl-9SUDCGr9u",
          "checksum": "ece9d4052573fb2f2d04239b99f2dd53"
        },
        {
          "type": "icon",
          "assetId": "3ICXQJTFQC63",
          "checksum": "abfb7439d831267508bed36ac18b39df"
        },
        {
          "assetId": "bGRPhgjN4EpLyGua5e921e",
          "type": "projectCss",
          "checksum": "b225ae98a37f27fef86c6043e33814eb"
        },
        {
          "type": "renderModule",
          "assetId": "TP56wp8NVJSl",
          "checksum": "96d3d726d68670e7c29f493033ce022f"
        },
        {
          "type": "cssRules",
          "assetId": "TP56wp8NVJSl",
          "checksum": "96d3d726d68670e7c29f493033ce022f"
        }
      ],
      "codegenVersion": "0.0.1"
    },
    {
      "projectId": "7nJ7UcFmq9UzB6eXfC5z4a",
      "version": "0.26.0",
      "dependencies": {},
      "lang": "ts",
      "fileLocks": [
        {
          "assetId": "7nJ7UcFmq9UzB6eXfC5z4a",
          "type": "projectCss",
          "checksum": "05587b57f22f0ec8bb54543deb39762e"
        }
      ],
      "codegenVersion": "0.0.1"
    },
    {
      "projectId": "58GpZjZCWTaJ8AUhpCwt2K",
      "version": "3.23.0",
      "dependencies": {},
      "lang": "ts",
      "fileLocks": [
        {
          "assetId": "58GpZjZCWTaJ8AUhpCwt2K",
          "type": "projectCss",
          "checksum": "fd84921cc10936e6ceb458c2ae01c4bd"
        }
      ],
      "codegenVersion": "0.0.1"
    },
    {
      "projectId": "hjKYmYi6HMwK6TRyk7ew5R",
      "version": "6.37.0",
      "dependencies": {},
      "lang": "ts",
      "fileLocks": [
        {
          "assetId": "hjKYmYi6HMwK6TRyk7ew5R",
          "type": "projectCss",
          "checksum": "e76cee85e96cb3fff580d5552a47cfe4"
        },
        {
          "assetId": "hjKYmYi6HMwK6TRyk7ew5R",
          "checksum": "ce1c1c4c2068f2505d175a1b6e17d26a",
          "type": "globalContexts"
        }
      ],
      "codegenVersion": "0.0.1"
    },
    {
      "projectId": "r3ASNrnyvLLLAtDvzUioQ",
      "version": "4.3.0",
      "dependencies": {},
      "lang": "ts",
      "fileLocks": [
        {
          "assetId": "r3ASNrnyvLLLAtDvzUioQ",
          "type": "projectCss",
          "checksum": "e1ec850476829c38b0f9b6d4f7ac446a"
        }
      ],
      "codegenVersion": "0.0.1"
    },
    {
      "projectId": "vkcqkCGmNnzrPuaiQ6pMiv",
      "version": "latest",
      "dependencies": {
        "r3ASNrnyvLLLAtDvzUioQ": "4.3.0",
        "hjKYmYi6HMwK6TRyk7ew5R": "6.37.0",
        "58GpZjZCWTaJ8AUhpCwt2K": "3.23.0"
      },
      "lang": "ts",
      "fileLocks": [
        {
          "type": "globalVariant",
          "assetId": "A1ihgdqxRyJB",
          "checksum": "fc50d4b2e1209fe1bee639bab7c1c673"
        },
        {
          "assetId": "vkcqkCGmNnzrPuaiQ6pMiv",
          "checksum": "e83491bfa8553cd961714fefc921fe19",
          "type": "globalContexts"
        },
        {
          "type": "renderModule",
          "assetId": "J5TOvmWkNVHI",
          "checksum": "54625ad41b7f94538896eebd61c34df9"
        },
        {
          "type": "cssRules",
          "assetId": "J5TOvmWkNVHI",
          "checksum": "54625ad41b7f94538896eebd61c34df9"
        },
        {
          "type": "renderModule",
          "assetId": "IKJTjcwb_IQ9",
          "checksum": "e5a4635a5cc1538d384c8602a758cfca"
        },
        {
          "type": "cssRules",
          "assetId": "IKJTjcwb_IQ9",
          "checksum": "e5a4635a5cc1538d384c8602a758cfca"
        },
        {
          "type": "renderModule",
          "assetId": "GfKpHGevupXi",
          "checksum": "8e022c553ac89994c7b25c147b66274f"
        },
        {
          "type": "cssRules",
          "assetId": "GfKpHGevupXi",
          "checksum": "8e022c553ac89994c7b25c147b66274f"
        },
        {
          "type": "renderModule",
          "assetId": "r9A8n520k7wW",
          "checksum": "da8d9b64c46aaf235712f11a06e0f299"
        },
        {
          "type": "cssRules",
          "assetId": "r9A8n520k7wW",
          "checksum": "da8d9b64c46aaf235712f11a06e0f299"
        },
        {
          "type": "renderModule",
          "assetId": "oZW2A4uc4WPx",
          "checksum": "0947d07b2c9423fcf90f1244c31ea2a7"
        },
        {
          "type": "cssRules",
          "assetId": "oZW2A4uc4WPx",
          "checksum": "0947d07b2c9423fcf90f1244c31ea2a7"
        },
        {
          "type": "renderModule",
          "assetId": "reYjxqom29cm",
          "checksum": "827e6bf795acd07582aae3168804c4e8"
        },
        {
          "type": "cssRules",
          "assetId": "reYjxqom29cm",
          "checksum": "827e6bf795acd07582aae3168804c4e8"
        },
        {
          "type": "renderModule",
          "assetId": "QPDJYXnpz0tf",
          "checksum": "490879014a5d1396afcfd3091e17534e"
        },
        {
          "type": "cssRules",
          "assetId": "QPDJYXnpz0tf",
          "checksum": "490879014a5d1396afcfd3091e17534e"
        },
        {
          "type": "renderModule",
          "assetId": "iy9WBkNqP_Ca",
          "checksum": "daef1655fdcc66d5bff9127510abf86c"
        },
        {
          "type": "cssRules",
          "assetId": "iy9WBkNqP_Ca",
          "checksum": "daef1655fdcc66d5bff9127510abf86c"
        },
        {
          "type": "renderModule",
          "assetId": "6sN4raRfF4Cw",
          "checksum": "1cb2b5d22e6bf9817adc4382b571de62"
        },
        {
          "type": "cssRules",
          "assetId": "6sN4raRfF4Cw",
          "checksum": "1cb2b5d22e6bf9817adc4382b571de62"
        },
        {
          "type": "renderModule",
          "assetId": "tsVfXMMmMz8r",
          "checksum": "8d31e03e191291d8ce769de40be0603c"
        },
        {
          "type": "cssRules",
          "assetId": "tsVfXMMmMz8r",
          "checksum": "8d31e03e191291d8ce769de40be0603c"
        },
        {
          "type": "renderModule",
          "assetId": "oxLy2aAFMjWI",
          "checksum": "ca497ccb624b569f56718883157c58a3"
        },
        {
          "type": "cssRules",
          "assetId": "oxLy2aAFMjWI",
          "checksum": "ca497ccb624b569f56718883157c58a3"
        },
        {
          "type": "icon",
          "assetId": "RQBuwikoBleW",
          "checksum": "e762211e00ca2601b61462b9f1fe1349"
        },
        {
          "type": "icon",
          "assetId": "PQ4lV_ytRXKt",
          "checksum": "720cc19ad232bf630c6bd2b1fcea6dcb"
        },
        {
          "type": "icon",
          "assetId": "NAsYRaGz9ZKr",
          "checksum": "75e886eab7c81c7168fdf67cc7385bea"
        },
        {
          "type": "icon",
          "assetId": "RAU02NGJIUyJ",
          "checksum": "ef305c2c705d83531118868c6c1499db"
        },
        {
          "type": "icon",
          "assetId": "Q1WNOMAs86mV",
          "checksum": "703b09ff885f71e6cc2b7aecaa03bec4"
        },
        {
          "type": "icon",
          "assetId": "vofs0eKvPs-M",
          "checksum": "70a9d978cd84b7094f61e5944c48cd69"
        },
        {
          "type": "icon",
          "assetId": "3BMHr8xxNdpE",
          "checksum": "cf8a8fb905035d16253a08d2eb394f3f"
        },
        {
          "type": "icon",
          "assetId": "uTRDvZ3fG0Qo",
          "checksum": "ea05c9f0f2d14dfdff81ecc9a568ceb4"
        },
        {
          "type": "icon",
          "assetId": "TDFYM6p1TNXD",
          "checksum": "af360b1b82b57c7f5ae189bb29ef3ed5"
        },
        {
          "type": "icon",
          "assetId": "erka_iTU4PdQ",
          "checksum": "8bcd8a36e5211e55b40464a17046cc0e"
        },
        {
          "type": "icon",
          "assetId": "rZ57D6Up3LE9",
          "checksum": "94f82ca869400ba0f9daefa50f0aee2f"
        },
        {
          "type": "icon",
          "assetId": "1B4mh1ReeL_s",
          "checksum": "fa2431d24b21622f6c7779671ebd36bc"
        },
        {
          "type": "icon",
          "assetId": "dy6mdAm7lYyk",
          "checksum": "4dc1cd68bfa1b49f21295b71cdd672ee"
        },
        {
          "type": "image",
          "assetId": "KY2dqFLhPHce",
          "checksum": "d53240d521e32cfa3e6e8ece8305b770"
        },
        {
          "type": "image",
          "assetId": "7AGRdeBVNYbO",
          "checksum": "a2b924063b89424125e5bf132ea7d7e6"
        },
        {
          "type": "image",
          "assetId": "Q02P1uQ95uW9",
          "checksum": "d30d3f36a213579c565a26b9c7637a3c"
        },
        {
          "type": "image",
          "assetId": "dqC3BMs_Ovn0",
          "checksum": "8a037d9b80d4bffe6bf54b203baa7436"
        },
        {
          "type": "image",
          "assetId": "s18ILNip7zsU",
          "checksum": "56cad21625b6250423726038a0bbe1bd"
        },
        {
          "type": "image",
          "assetId": "PY8uxMjAyxxj",
          "checksum": "400e212f6484226a090b1e26f7336cce"
        },
        {
          "type": "image",
          "assetId": "ORojUVlAXGkC",
          "checksum": "55e2586d9797a4efdbc5eeb6832f2760"
        },
        {
          "type": "image",
          "assetId": "tdYPn25k5v3D",
          "checksum": "047b992e8f75b827b60033e16ea5037e"
        },
        {
          "type": "image",
          "assetId": "CpG9WKNNmeqi",
          "checksum": "ba7f4cd2e7d36b3d389bccb2702c7845"
        },
        {
          "type": "image",
          "assetId": "jWEemkTB8mZv",
          "checksum": "69ec7bc79505635f7e5552872382e6a3"
        },
        {
          "type": "image",
          "assetId": "zxMGi9RHiQNU",
          "checksum": "7adf734d651f7486dc2365d200d907c6"
        },
        {
          "type": "image",
          "assetId": "owgePzOrxtEP",
          "checksum": "7ea1d0ece7529093f2f0dceef82248f7"
        },
        {
          "type": "image",
          "assetId": "rKTKztQdGvdG",
          "checksum": "93ed599cab0e46f6eccca54f2250f21c"
        },
        {
          "assetId": "vkcqkCGmNnzrPuaiQ6pMiv",
          "type": "projectCss",
          "checksum": "706af2d8d9525e222a55b64d47352a01"
        }
      ],
      "codegenVersion": "0.0.1"
    }
  ],
  "cliVersion": "0.1.327"
}
