{
  "projects": [
    {
      "projectId": "seaQhLVS4bbjiGvJJrRwyL",
      "version": "15.0.3",
      "dependencies": {},
      "lang": "ts",
      "fileLocks": [
        {
          "assetId": "seaQhLVS4bbjiGvJJrRwyL",
          "type": "projectCss",
          "checksum": "8b140f54acb9f4aedf0b769d566851ea"
        }
      ],
      "codegenVersion": "0.0.1"
    },
    {
      "projectId": "bGRPhgjN4EpLyGua5e921e",
      "version": "latest",
      "dependencies": {
        "seaQhLVS4bbjiGvJJrRwyL": "15.0.3"
      },
      "lang": "ts",
      "fileLocks": [
        {
          "type": "globalVariant",
          "assetId": "UNIj0aSl86d7",
          "checksum": "576f6bb542835c724fc8e6725ac14808"
        },
        {
          "assetId": "bGRPhgjN4EpLyGua5e921e",
          "type": "projectCss",
          "checksum": "298c9841cf498354f38738876e9c2fb6"
        },
        {
          "type": "renderModule",
          "assetId": "f07avpzBECLA",
          "checksum": "497422ab4714a3b8f7ec33f596a5e139"
        },
        {
          "type": "cssRules",
          "assetId": "f07avpzBECLA",
          "checksum": "497422ab4714a3b8f7ec33f596a5e139"
        },
        {
          "type": "renderModule",
          "assetId": "r-4qtY_x5_0e",
          "checksum": "8277771f0d0d008362c50bc68bc02e94"
        },
        {
          "type": "cssRules",
          "assetId": "r-4qtY_x5_0e",
          "checksum": "8277771f0d0d008362c50bc68bc02e94"
        },
        {
          "type": "renderModule",
          "assetId": "MsTwhh1TunkX",
          "checksum": "5bb55705e85359b5331325d5ff85b5cb"
        },
        {
          "type": "cssRules",
          "assetId": "MsTwhh1TunkX",
          "checksum": "5bb55705e85359b5331325d5ff85b5cb"
        },
        {
          "type": "renderModule",
          "assetId": "cBs3RBPSjzud",
          "checksum": "fcff40ddd6abeb2e83db415dc58ae5ff"
        },
        {
          "type": "cssRules",
          "assetId": "cBs3RBPSjzud",
          "checksum": "fcff40ddd6abeb2e83db415dc58ae5ff"
        },
        {
          "type": "renderModule",
          "assetId": "Ag0evssas2_B",
          "checksum": "03454655566e1faf697d0d14a829c1fa"
        },
        {
          "type": "cssRules",
          "assetId": "Ag0evssas2_B",
          "checksum": "03454655566e1faf697d0d14a829c1fa"
        },
        {
          "type": "renderModule",
          "assetId": "lIiSxyCuNKgc",
          "checksum": "21e44e839bc7cb152073ea95d750cbfa"
        },
        {
          "type": "cssRules",
          "assetId": "lIiSxyCuNKgc",
          "checksum": "21e44e839bc7cb152073ea95d750cbfa"
        },
        {
          "type": "renderModule",
          "assetId": "lY4gHLyPCvEC",
          "checksum": "18c46ff5269477cf3682a4efeb76aa85"
        },
        {
          "type": "cssRules",
          "assetId": "lY4gHLyPCvEC",
          "checksum": "18c46ff5269477cf3682a4efeb76aa85"
        },
        {
          "type": "renderModule",
          "assetId": "tEmkgz3Ttv_u",
          "checksum": "f5d8eec608d22b00096577ae0483bade"
        },
        {
          "type": "cssRules",
          "assetId": "tEmkgz3Ttv_u",
          "checksum": "f5d8eec608d22b00096577ae0483bade"
        },
        {
          "type": "renderModule",
          "assetId": "0DMXnYXl1cqn",
          "checksum": "ef4cafb9494897ecf0b14a195481f281"
        },
        {
          "type": "cssRules",
          "assetId": "0DMXnYXl1cqn",
          "checksum": "ef4cafb9494897ecf0b14a195481f281"
        },
        {
          "type": "renderModule",
          "assetId": "Q2DxhMd8kywL",
          "checksum": "9c99e60cccf1fbb3746f5db5be752ee8"
        },
        {
          "type": "cssRules",
          "assetId": "Q2DxhMd8kywL",
          "checksum": "9c99e60cccf1fbb3746f5db5be752ee8"
        },
        {
          "type": "renderModule",
          "assetId": "xJ57_yvHb6TL",
          "checksum": "65ed83a0bf93f4ddff5669aaafe440ab"
        },
        {
          "type": "cssRules",
          "assetId": "xJ57_yvHb6TL",
          "checksum": "65ed83a0bf93f4ddff5669aaafe440ab"
        },
        {
          "type": "renderModule",
          "assetId": "v9stMmpgZuxr",
          "checksum": "72f8ed2d138d466b6612abf881807cc8"
        },
        {
          "type": "cssRules",
          "assetId": "v9stMmpgZuxr",
          "checksum": "72f8ed2d138d466b6612abf881807cc8"
        },
        {
          "type": "renderModule",
          "assetId": "_r5wwuWadYy2",
          "checksum": "6b7b95fff1a6f0efef9f2634062d8bf4"
        },
        {
          "type": "cssRules",
          "assetId": "_r5wwuWadYy2",
          "checksum": "6b7b95fff1a6f0efef9f2634062d8bf4"
        },
        {
          "type": "renderModule",
          "assetId": "KOngUlgD51IE",
          "checksum": "1a9f61978cbd1ed20e5eb251ad8f0b62"
        },
        {
          "type": "cssRules",
          "assetId": "KOngUlgD51IE",
          "checksum": "1a9f61978cbd1ed20e5eb251ad8f0b62"
        },
        {
          "type": "renderModule",
          "assetId": "JTFRLPwFrqzM",
          "checksum": "86c27b0e24488c2f50fe2cb0e7930d6a"
        },
        {
          "type": "cssRules",
          "assetId": "JTFRLPwFrqzM",
          "checksum": "86c27b0e24488c2f50fe2cb0e7930d6a"
        },
        {
          "type": "renderModule",
          "assetId": "rZUw2Cha7jlC",
          "checksum": "5ba8830ae4b404e8f9f6073d031000bd"
        },
        {
          "type": "cssRules",
          "assetId": "rZUw2Cha7jlC",
          "checksum": "5ba8830ae4b404e8f9f6073d031000bd"
        },
        {
          "type": "renderModule",
          "assetId": "GJeQpPhcCQFh",
          "checksum": "9947021a82b20d20967a3585029e60dd"
        },
        {
          "type": "cssRules",
          "assetId": "GJeQpPhcCQFh",
          "checksum": "9947021a82b20d20967a3585029e60dd"
        },
        {
          "type": "icon",
          "assetId": "gUHfrsykgdes",
          "checksum": "ef087baef34ecb1d34c9a3338cb6fceb"
        },
        {
          "type": "icon",
          "assetId": "mmu-hZ1QoRo3",
          "checksum": "51764019424798b7284ef9fb54707f53"
        },
        {
          "type": "icon",
          "assetId": "TAF_ZA91NgrY",
          "checksum": "90498ef75c903cb6c72e22c69550d239"
        },
        {
          "type": "icon",
          "assetId": "TuSjt0AnWe4h",
          "checksum": "e5e7d94abf25ae1c84236c296281bbb0"
        },
        {
          "type": "icon",
          "assetId": "8hu6cTK37ICX",
          "checksum": "22ff741f0d1206f4f82755ec099ca7f0"
        },
        {
          "type": "icon",
          "assetId": "b5L5VPMAxego",
          "checksum": "2c1ecb22fc44019179aeb92cee01a2b3"
        },
        {
          "type": "icon",
          "assetId": "CDG0xUHitgzL",
          "checksum": "e35f64bc54654f2bb2a37f1d06f55ba2"
        },
        {
          "type": "icon",
          "assetId": "6_NnJ99EXQc0",
          "checksum": "c48a9a5265b8a688975ebdc5dea6abbf"
        },
        {
          "type": "icon",
          "assetId": "XKBkCZbI-9Me",
          "checksum": "2fefb64820e8cdc732af88ddf56864bf"
        },
        {
          "type": "icon",
          "assetId": "DrYATh05xaVd",
          "checksum": "90dd68dfbbebc388f581a4e235cdf955"
        },
        {
          "type": "icon",
          "assetId": "aVoXgiis8QhK",
          "checksum": "cdfe85fafcd84432d40fd16673bd3be1"
        },
        {
          "type": "icon",
          "assetId": "SvqB7zhvda88",
          "checksum": "162940eb7568842a60cc1ce21b7e2f14"
        },
        {
          "type": "icon",
          "assetId": "UimdXawoJIJ4",
          "checksum": "ad8be638f00850c3d5135b18e42a0884"
        },
        {
          "type": "icon",
          "assetId": "AaHxKNbfDlIo",
          "checksum": "dce4cc8362102e1dcad0ec84dc8d42e1"
        },
        {
          "type": "icon",
          "assetId": "865QUu-JgvgC",
          "checksum": "e7ee44b1be9d2894e23cb56439b4fd2f"
        },
        {
          "type": "icon",
          "assetId": "pj4QISzIqgxo",
          "checksum": "08c6b6bca5a4802eacfebe53ead2f1f8"
        },
        {
          "type": "icon",
          "assetId": "D87s72ahvWeJ",
          "checksum": "ed4819dbfc5ac8818ffd25d8e15bd4c7"
        },
        {
          "type": "icon",
          "assetId": "Tolqq_2lDNqd",
          "checksum": "9f808d794ae60bbd3e0e477794a92d43"
        },
        {
          "type": "icon",
          "assetId": "Yyvfj0rN9knh",
          "checksum": "dce3fcd19c90685f525ed678a7191c99"
        },
        {
          "type": "icon",
          "assetId": "A5Am1GDQ7XGE",
          "checksum": "68e0e0f4926a2ac4e374ae2e845d41dc"
        },
        {
          "type": "icon",
          "assetId": "lHWWJId1qagw",
          "checksum": "c0c0c7944a6db4159670d5211e322307"
        },
        {
          "type": "icon",
          "assetId": "vxPuaGJIadr3",
          "checksum": "17e23d1c7e0a3bec664eb0d6f6e88b1e"
        },
        {
          "type": "image",
          "assetId": "CG_9twvQwg1o",
          "checksum": "83f5feba46156f79a8946b5c3625b715"
        },
        {
          "type": "image",
          "assetId": "KhDTZMJmoa6p",
          "checksum": "664119203de92fb372ae24eba20517be"
        },
        {
          "type": "image",
          "assetId": "yvXrg44JjLqC",
          "checksum": "ed4443598fec75ecbcbd12c44975c5f0"
        },
        {
          "type": "image",
          "assetId": "Pl-9SUDCGr9u",
          "checksum": "ece9d4052573fb2f2d04239b99f2dd53"
        }
      ],
      "codegenVersion": "0.0.1"
    }
  ],
  "cliVersion": "0.1.327"
}
